
Microsoft Visual Studio Solution File, Format Version 12.00
# Visual Studio Version 17
VisualStudioVersion = 17.5.002.0
MinimumVisualStudioVersion = 10.0.40219.1
Project("{9A19103F-16F7-4668-BE54-9A1E7A4F7556}") = "OOs.Common.CommandLine", "OOs.Common.CommandLine\OOs.Common.CommandLine.csproj", "{270F78FB-21F4-42F7-9248-1ACD8A6DA8D8}"
EndProject
Project("{9A19103F-16F7-4668-BE54-9A1E7A4F7556}") = "OOs.Common.Net", "OOs.Common.Net\OOs.Common.Net.csproj", "{C4532B4E-2E20-459B-B594-A5CC82055FF8}"
EndProject
Project("{9A19103F-16F7-4668-BE54-9A1E7A4F7556}") = "OOs.Common.Net.Http", "OOs.Common.Net.Http\OOs.Common.Net.Http.csproj", "{14227128-CE56-4FB7-AA02-11A6FD0DC02B}"
EndProject
Project("{9A19103F-16F7-4668-BE54-9A1E7A4F7556}") = "OOs.Common.Tests", "OOs.Common.Tests\OOs.Common.Tests.csproj", "{7244C427-B745-4446-B6D7-6A6F6EA7F434}"
EndProject
Project("{9A19103F-16F7-4668-BE54-9A1E7A4F7556}") = "OOs.Common.Benchmarks", "OOs.Common.Benchmarks\OOs.Common.Benchmarks.csproj", "{AD58F749-DEAF-4E24-AA3D-317E0A692899}"
EndProject
Project("{9A19103F-16F7-4668-BE54-9A1E7A4F7556}") = "OOs.Common.Net.Http.Tests", "OOs.Common.Net.Http.Tests\OOs.Common.Net.Http.Tests.csproj", "{6D386A2A-5A9A-40E8-B61F-CDB6D946EFCD}"
EndProject
Project("{9A19103F-16F7-4668-BE54-9A1E7A4F7556}") = "OOs.Common.Configuration", "OOs.Common.Configuration\OOs.Common.Configuration.csproj", "{D6C9630E-0A18-4DF9-8B4C-EC9E300FAE1B}"
EndProject
Project("{FAE04EC0-301F-11D3-BF4B-00C04F79EFBC}") = "OOs.Common", "OOs.Common\OOs.Common.csproj", "{11F89361-7AA6-429F-AF42-229B9E0703A0}"
EndProject
Global
	GlobalSection(SolutionConfigurationPlatforms) = preSolution
		Debug|Any CPU = Debug|Any CPU
		Release|Any CPU = Release|Any CPU
	EndGlobalSection
	GlobalSection(ProjectConfigurationPlatforms) = postSolution
		{270F78FB-21F4-42F7-9248-1ACD8A6DA8D8}.Debug|Any CPU.ActiveCfg = Debug|Any CPU
		{270F78FB-21F4-42F7-9248-1ACD8A6DA8D8}.Debug|Any CPU.Build.0 = Debug|Any CPU
		{270F78FB-21F4-42F7-9248-1ACD8A6DA8D8}.Release|Any CPU.ActiveCfg = Release|Any CPU
		{270F78FB-21F4-42F7-9248-1ACD8A6DA8D8}.Release|Any CPU.Build.0 = Release|Any CPU
		{C4532B4E-2E20-459B-B594-A5CC82055FF8}.Debug|Any CPU.ActiveCfg = Debug|Any CPU
		{C4532B4E-2E20-459B-B594-A5CC82055FF8}.Debug|Any CPU.Build.0 = Debug|Any CPU
		{C4532B4E-2E20-459B-B594-A5CC82055FF8}.Release|Any CPU.ActiveCfg = Release|Any CPU
		{C4532B4E-2E20-459B-B594-A5CC82055FF8}.Release|Any CPU.Build.0 = Release|Any CPU
		{14227128-CE56-4FB7-AA02-11A6FD0DC02B}.Debug|Any CPU.ActiveCfg = Debug|Any CPU
		{14227128-CE56-4FB7-AA02-11A6FD0DC02B}.Debug|Any CPU.Build.0 = Debug|Any CPU
		{14227128-CE56-4FB7-AA02-11A6FD0DC02B}.Release|Any CPU.ActiveCfg = Release|Any CPU
		{14227128-CE56-4FB7-AA02-11A6FD0DC02B}.Release|Any CPU.Build.0 = Release|Any CPU
		{7244C427-B745-4446-B6D7-6A6F6EA7F434}.Debug|Any CPU.ActiveCfg = Debug|Any CPU
		{7244C427-B745-4446-B6D7-6A6F6EA7F434}.Debug|Any CPU.Build.0 = Debug|Any CPU
		{7244C427-B745-4446-B6D7-6A6F6EA7F434}.Release|Any CPU.ActiveCfg = Release|Any CPU
		{7244C427-B745-4446-B6D7-6A6F6EA7F434}.Release|Any CPU.Build.0 = Release|Any CPU
		{AD58F749-DEAF-4E24-AA3D-317E0A692899}.Debug|Any CPU.ActiveCfg = Debug|Any CPU
		{AD58F749-DEAF-4E24-AA3D-317E0A692899}.Debug|Any CPU.Build.0 = Debug|Any CPU
		{AD58F749-DEAF-4E24-AA3D-317E0A692899}.Release|Any CPU.ActiveCfg = Release|Any CPU
		{AD58F749-DEAF-4E24-AA3D-317E0A692899}.Release|Any CPU.Build.0 = Release|Any CPU
		{6D386A2A-5A9A-40E8-B61F-CDB6D946EFCD}.Debug|Any CPU.ActiveCfg = Debug|Any CPU
		{6D386A2A-5A9A-40E8-B61F-CDB6D946EFCD}.Debug|Any CPU.Build.0 = Debug|Any CPU
		{6D386A2A-5A9A-40E8-B61F-CDB6D946EFCD}.Release|Any CPU.ActiveCfg = Release|Any CPU
		{6D386A2A-5A9A-40E8-B61F-CDB6D946EFCD}.Release|Any CPU.Build.0 = Release|Any CPU
		{D6C9630E-0A18-4DF9-8B4C-EC9E300FAE1B}.Debug|Any CPU.ActiveCfg = Debug|Any CPU
		{D6C9630E-0A18-4DF9-8B4C-EC9E300FAE1B}.Debug|Any CPU.Build.0 = Debug|Any CPU
		{D6C9630E-0A18-4DF9-8B4C-EC9E300FAE1B}.Release|Any CPU.ActiveCfg = Release|Any CPU
		{D6C9630E-0A18-4DF9-8B4C-EC9E300FAE1B}.Release|Any CPU.Build.0 = Release|Any CPU
		{11F89361-7AA6-429F-AF42-229B9E0703A0}.Debug|Any CPU.ActiveCfg = Debug|Any CPU
		{11F89361-7AA6-429F-AF42-229B9E0703A0}.Debug|Any CPU.Build.0 = Debug|Any CPU
		{11F89361-7AA6-429F-AF42-229B9E0703A0}.Release|Any CPU.ActiveCfg = Release|Any CPU
		{11F89361-7AA6-429F-AF42-229B9E0703A0}.Release|Any CPU.Build.0 = Release|Any CPU
	EndGlobalSection
	GlobalSection(SolutionProperties) = preSolution
		HideSolutionNode = FALSE
	EndGlobalSection
	GlobalSection(ExtensibilityGlobals) = postSolution
		SolutionGuid = {5A258D1D-B5B1-44A7-B778-0C3995D1E24A}
	EndGlobalSection
EndGlobal
